
Microsoft Visual Studio Solution File, Format Version 12.00
# Visual Studio Version 16
VisualStudioVersion = 16.0.30804.86
MinimumVisualStudioVersion = 10.0.40219.1
Project("{FAE04EC0-301F-11D3-BF4B-00C04F79EFBC}") = "ServiceMtk-P1-20190140105", "ServiceMtk-P1-20190140105.csproj", "{779513BF-26FD-4EED-A8C5-491ED4025C4D}"
EndProject
Global
	GlobalSection(SolutionConfigurationPlatforms) = preSolution
		Debug|Any CPU = Debug|Any CPU
		Release|Any CPU = Release|Any CPU
	EndGlobalSection
	GlobalSection(ProjectConfigurationPlatforms) = postSolution
		{779513BF-26FD-4EED-A8C5-491ED4025C4D}.Debug|Any CPU.ActiveCfg = Debug|Any CPU
		{779513BF-26FD-4EED-A8C5-491ED4025C4D}.Debug|Any CPU.Build.0 = Debug|Any CPU
		{779513BF-26FD-4EED-A8C5-491ED4025C4D}.Release|Any CPU.ActiveCfg = Release|Any CPU
		{779513BF-26FD-4EED-A8C5-491ED4025C4D}.Release|Any CPU.Build.0 = Release|Any CPU
	EndGlobalSection
	GlobalSection(SolutionProperties) = preSolution
		HideSolutionNode = FALSE
	EndGlobalSection
	GlobalSection(ExtensibilityGlobals) = postSolution
		SolutionGuid = {087E946E-886B-41E9-8589-B006A43EF375}
	EndGlobalSection
EndGlobal
